
Microsoft Visual Studio Solution File, Format Version 12.00
# Visual Studio Version 17
VisualStudioVersion = 17.6.33815.320
MinimumVisualStudioVersion = 10.0.40219.1
Project("{FAE04EC0-301F-11D3-BF4B-00C04F79EFBC}") = "WebAPI", "WebAPI\WebAPI.csproj", "{BAB2C354-2342-4DDD-98B8-A9C29A63F421}"
EndProject
Project("{FAE04EC0-301F-11D3-BF4B-00C04F79EFBC}") = "Repository", "Repository\Repository.csproj", "{975BBAEF-7A86-4F5A-84E9-209CE5FA0A91}"
EndProject
Project("{FAE04EC0-301F-11D3-BF4B-00C04F79EFBC}") = "Repository.Common", "Repository.Common\Repository.Common.csproj", "{F175DDB4-6C1D-43C6-A601-BD9BE1718C45}"
EndProject
Project("{FAE04EC0-301F-11D3-BF4B-00C04F79EFBC}") = "Service", "Service\Service.csproj", "{947A9382-52ED-4349-A5BF-55F46F16847C}"
EndProject
Project("{FAE04EC0-301F-11D3-BF4B-00C04F79EFBC}") = "Service.Common", "Service.Common\Service.Common.csproj", "{A18C329D-67B3-4E01-A260-9BE9400D6A47}"
EndProject
Project("{FAE04EC0-301F-11D3-BF4B-00C04F79EFBC}") = "Model", "Model\Model.csproj", "{DE0BD70B-2773-4FA0-8F6B-A60041375B62}"
EndProject
Project("{FAE04EC0-301F-11D3-BF4B-00C04F79EFBC}") = "Model.Common", "Model.Common\Model.Common.csproj", "{3CAC756E-C7D8-41F1-860F-791B4FDBEE49}"
EndProject
Project("{FAE04EC0-301F-11D3-BF4B-00C04F79EFBC}") = "DAL", "DAL\DAL.csproj", "{EB0E80D7-1FE0-4EFC-A0C7-148FF0B372D3}"
EndProject
Project("{FAE04EC0-301F-11D3-BF4B-00C04F79EFBC}") = "Common", "Common\Common.csproj", "{4095D37F-881E-4761-8947-A9CA02CAACA9}"
EndProject
Global
	GlobalSection(SolutionConfigurationPlatforms) = preSolution
		Debug|Any CPU = Debug|Any CPU
		Release|Any CPU = Release|Any CPU
	EndGlobalSection
	GlobalSection(ProjectConfigurationPlatforms) = postSolution
		{BAB2C354-2342-4DDD-98B8-A9C29A63F421}.Debug|Any CPU.ActiveCfg = Debug|Any CPU
		{BAB2C354-2342-4DDD-98B8-A9C29A63F421}.Debug|Any CPU.Build.0 = Debug|Any CPU
		{BAB2C354-2342-4DDD-98B8-A9C29A63F421}.Release|Any CPU.ActiveCfg = Release|Any CPU
		{BAB2C354-2342-4DDD-98B8-A9C29A63F421}.Release|Any CPU.Build.0 = Release|Any CPU
		{975BBAEF-7A86-4F5A-84E9-209CE5FA0A91}.Debug|Any CPU.ActiveCfg = Debug|Any CPU
		{975BBAEF-7A86-4F5A-84E9-209CE5FA0A91}.Debug|Any CPU.Build.0 = Debug|Any CPU
		{975BBAEF-7A86-4F5A-84E9-209CE5FA0A91}.Release|Any CPU.ActiveCfg = Release|Any CPU
		{975BBAEF-7A86-4F5A-84E9-209CE5FA0A91}.Release|Any CPU.Build.0 = Release|Any CPU
		{F175DDB4-6C1D-43C6-A601-BD9BE1718C45}.Debug|Any CPU.ActiveCfg = Debug|Any CPU
		{F175DDB4-6C1D-43C6-A601-BD9BE1718C45}.Debug|Any CPU.Build.0 = Debug|Any CPU
		{F175DDB4-6C1D-43C6-A601-BD9BE1718C45}.Release|Any CPU.ActiveCfg = Release|Any CPU
		{F175DDB4-6C1D-43C6-A601-BD9BE1718C45}.Release|Any CPU.Build.0 = Release|Any CPU
		{947A9382-52ED-4349-A5BF-55F46F16847C}.Debug|Any CPU.ActiveCfg = Debug|Any CPU
		{947A9382-52ED-4349-A5BF-55F46F16847C}.Debug|Any CPU.Build.0 = Debug|Any CPU
		{947A9382-52ED-4349-A5BF-55F46F16847C}.Release|Any CPU.ActiveCfg = Release|Any CPU
		{947A9382-52ED-4349-A5BF-55F46F16847C}.Release|Any CPU.Build.0 = Release|Any CPU
		{A18C329D-67B3-4E01-A260-9BE9400D6A47}.Debug|Any CPU.ActiveCfg = Debug|Any CPU
		{A18C329D-67B3-4E01-A260-9BE9400D6A47}.Debug|Any CPU.Build.0 = Debug|Any CPU
		{A18C329D-67B3-4E01-A260-9BE9400D6A47}.Release|Any CPU.ActiveCfg = Release|Any CPU
		{A18C329D-67B3-4E01-A260-9BE9400D6A47}.Release|Any CPU.Build.0 = Release|Any CPU
		{DE0BD70B-2773-4FA0-8F6B-A60041375B62}.Debug|Any CPU.ActiveCfg = Debug|Any CPU
		{DE0BD70B-2773-4FA0-8F6B-A60041375B62}.Debug|Any CPU.Build.0 = Debug|Any CPU
		{DE0BD70B-2773-4FA0-8F6B-A60041375B62}.Release|Any CPU.ActiveCfg = Release|Any CPU
		{DE0BD70B-2773-4FA0-8F6B-A60041375B62}.Release|Any CPU.Build.0 = Release|Any CPU
		{3CAC756E-C7D8-41F1-860F-791B4FDBEE49}.Debug|Any CPU.ActiveCfg = Debug|Any CPU
		{3CAC756E-C7D8-41F1-860F-791B4FDBEE49}.Debug|Any CPU.Build.0 = Debug|Any CPU
		{3CAC756E-C7D8-41F1-860F-791B4FDBEE49}.Release|Any CPU.ActiveCfg = Release|Any CPU
		{3CAC756E-C7D8-41F1-860F-791B4FDBEE49}.Release|Any CPU.Build.0 = Release|Any CPU
		{EB0E80D7-1FE0-4EFC-A0C7-148FF0B372D3}.Debug|Any CPU.ActiveCfg = Debug|Any CPU
		{EB0E80D7-1FE0-4EFC-A0C7-148FF0B372D3}.Debug|Any CPU.Build.0 = Debug|Any CPU
		{EB0E80D7-1FE0-4EFC-A0C7-148FF0B372D3}.Release|Any CPU.ActiveCfg = Release|Any CPU
		{EB0E80D7-1FE0-4EFC-A0C7-148FF0B372D3}.Release|Any CPU.Build.0 = Release|Any CPU
		{4095D37F-881E-4761-8947-A9CA02CAACA9}.Debug|Any CPU.ActiveCfg = Debug|Any CPU
		{4095D37F-881E-4761-8947-A9CA02CAACA9}.Debug|Any CPU.Build.0 = Debug|Any CPU
		{4095D37F-881E-4761-8947-A9CA02CAACA9}.Release|Any CPU.ActiveCfg = Release|Any CPU
		{4095D37F-881E-4761-8947-A9CA02CAACA9}.Release|Any CPU.Build.0 = Release|Any CPU
	EndGlobalSection
	GlobalSection(SolutionProperties) = preSolution
		HideSolutionNode = FALSE
	EndGlobalSection
	GlobalSection(ExtensibilityGlobals) = postSolution
		SolutionGuid = {16FCE655-C4C2-4B73-A770-5E8F7B1CD7CA}
	EndGlobalSection
EndGlobal
